{
  "version": 4,
  "terraform_version": "1.3.7",
  "serial": 396,
  "lineage": "531aa290-9e0b-664c-0f91-322999e29000",
  "outputs": {
    "igw_id": {
      "value": "igw-04af59654238425f3",
      "type": "string"
    },
    "key_id": {
      "value": "redis",
      "type": "string"
    },
    "master_instance_id": {
      "value": "i-08264bd62534e83a7",
      "type": "string"
    },
    "nat_id": {
      "value": "nat-0782011ab0aa2ff34",
      "type": "string"
    },
    "node1_instance_id": {
      "value": "i-05ffd0d4232adf4db",
      "type": "string"
    },
    "node2_instance_id": {
      "value": "i-0264ad3121aa663e3",
      "type": "string"
    },
    "private_sg_id": {
      "value": "sg-00cb63418e0cfe934",
      "type": "string"
    },
    "private_subnet_id": {
      "value": "subnet-0c83b99bc9d628af7",
      "type": "string"
    },
    "public_sg_id": {
      "value": "sg-0da29b1e725608eb2",
      "type": "string"
    },
    "public_subnet_id": {
      "value": "subnet-079aa708dbbda1dfd",
      "type": "string"
    },
    "vpc_id": {
      "value": "vpc-03029d7c8297d3351",
      "type": "string"
    }
  },
  "resources": [
    {
      "module": "module.access_key",
      "mode": "managed",
      "type": "aws_key_pair",
      "name": "keypair",
      "provider": "provider[\"registry.terraform.io/hashicorp/aws\"]",
      "instances": [
        {
          "schema_version": 1,
          "attributes": {
            "arn": "arn:aws:ec2:us-east-1:520097146698:key-pair/redis",
            "fingerprint": "1a:35:b6:21:a5:38:8a:34:cf:52:6c:54:be:78:d4:af",
            "id": "redis",
            "key_name": "redis",
            "key_name_prefix": "",
            "key_pair_id": "key-0a2c839146d808098",
            "key_type": "rsa",
            "public_key": "ssh-rsa AAAAB3NzaC1yc2EAAAADAQABAAACAQDkCikHErVVgOUu+XNd7ZpGVhypwUEC2jULjKlZ2BCqEFvnI39zJAHdI9kz0aH8ULOqo2IxIvH6vcFfKo7FYiixZebwOmLopnebodfuDjgv8dzlc6g8+3g3feCvdR/HMtlpalwdfs1ZdlUA7CvHmQCZ5xBjefyrs3XE+ir3DqH/CyKniGqecZy40dN6bXJvf4xCxokqY4QURJOUt/F7JZhvAyjjgrPx5TByUGUAvKBl5X/Ousb5qOlZKPbEyo2pAwK4dOxlY0bLzkMq2dYn95RTASG35QsVxLMZ6lUJEcY0pqmmDocuHCsSLwIMOGcndyw9zQ40HuwTmK+jByY1ZS3SpgbPGK0N8myx9wU02y+GuPo5X7dQXoj1V3aoXTcyYqJxVa7gNtMCgqyTqv6HnWJy3XjV9K2CWWNnK5e4xMYE6NZ0m2MfeIjDO93pGOFEhXxq/g6Wh+NreTrQ3AOGiaQ1EBGiXvF4fYw9UONJN29VUkiAqr5RU9O18b8p0zZDQlgnXOv/ph2ly09KVuoVo6ldSKDo37F5d2O+LoLWJuboDXogZGlFTCThBfLfx00QclxP4DMrCOXvcAtP5Lh/cnBUFjyduBovxIkS1rYwNNjqppyNlq32IEOJ7W6hX8SKZ/UaMKsXxvmVLpbE6ysuOEs7PfcXdaz2QJfZZFuh/4OSdw==",
            "tags": null,
            "tags_all": {}
          },
          "sensitive_attributes": [],
          "private": "eyJzY2hlbWFfdmVyc2lvbiI6IjEifQ==",
          "dependencies": [
            "module.access_key.tls_private_key.rsa"
          ]
        }
      ]
    },
    {
      "module": "module.access_key",
      "mode": "managed",
      "type": "local_file",
      "name": "keypair",
      "provider": "provider[\"registry.terraform.io/hashicorp/local\"]",
      "instances": [
        {
          "schema_version": 0,
          "attributes": {
            "content": "-----BEGIN RSA PRIVATE KEY-----\nMIIJKgIBAAKCAgEA5AopBxK1VYDlLvlzXe2aRlYcqcFBAto1C4ypWdgQqhBb5yN/\ncyQB3SPZM9Gh/FCzqqNiMSLx+r3BXyqOxWIosWXm8Dpi6KZ3m6HX7g44L/Hc5XOo\nPPt4N33gr3UfxzLZaWpcHX7NWXZVAOwrx5kAmecQY3n8q7N1xPoq9w6h/wsip4hq\nnnGcuNHTem1yb3+MQsaJKmOEFESTlLfxeyWYbwMo44Kz8eUwclBlALygZeV/zrrG\n+ajpWSj2xMqNqQMCuHTsZWNGy85DKtnWJ/eUUwEht+ULFcSzGepVCRHGNKappg6H\nLhwrEi8CDDhnJ3csPc0ONB7sE5ivowcmNWUt0qYGzxitDfJssfcFNNsvhrj6OV+3\nUF6I9Vd2qF03MmKicVWu4DbTAoKsk6r+h51ict141fStglljZyuXuMTGBOjWdJtj\nH3iIwzvd6RjhRIV8av4Olofja3k60NwDhomkNRARol7xeH2MPVDjSTdvVVJIgKq+\nUVPTtfG/KdM2Q0JYJ1zr/6YdpctPSlbqFaOpXUig6N+xeXdjvi6C1ibm6A16IGRp\nRUwk4QXy38dNEHJcT+AzKwjl73ALT+S4f3JwVBY8nbgaL8SJEta2MDTY6qacjZat\n9iBDie1uoV/Eimf1GjCrF8b5lS6WxOsrLjhLOz33F3Ws9kCX2WRbof+DkncCAwEA\nAQKCAgEAxu/KLP54LTh+N4WszHNc1CGJbdpG8csU3Zd/of5pQ0N0OWdxZywxaA8/\nDALEss5gfut73Ovkd98UlAYXeUCRyXjhiA8XfGjFDYOaUXYcNE9matGEIncqwBZT\nbh3adDf7DQiZha26TWJ684wVAVKMALdgR7gC4nNzuTyZQOCGGG5JdCgBA2qP03hR\naouSeoyl+xciUFVyww+0Q9hYlRsOKUJzaE781nkf04opIwRrVZlp7xpoPSLLN1oS\nNUmTXa9frzVpiWWbPG8bj4VsW3+T6Pmixb/N9NadfG0+c+QKqqH+e/xOl75BIOLb\ngXevHfHMKbn6uyOCxfG8v5ecEJbM6kMA7V+R2e/Y5fnlLA0ZEnmus1LGK3GclKsT\nnDY6ROIlB0xop1ukJ/RItp9n6q6o8sM4YFTVUVLHfEwebbydk4rQu7BKGBEK1nme\nO5H/UEwSmRzDlGcUsqhrtllP8I+SE48ei4AzZOmvPI9ARTw/eOzCwqtwFToEkWhr\nRXfRYgR+8wRDHH1nH3Uv5UseouDk09dyAqe17Y80rJmmT7PMJn0JOii46oWrizng\ngTJVz0FVf8a8uLZQUsiKcxibnO+HF//hqDl3tXfCwWmY61e5kHdEyzVGT5Z0s/BB\no0ydKC2cyVVRT8UspFGLlxs7yn7ST+nEeQoVh+aGfBwxURI2AkkCggEBAOzq8S7N\nGpAyO+opqFWQi/3qdrm/aLpxQ/CJ7t41s1gY+hFDPIoOCYOeYyRRpObKzWbfwYxO\nAkJ04zYZ++cH3kFV2vEahuTPwCwk7ziH/ahPgb6mMThuvkFQe2trTXhAp9jomqFx\nFn811PqlGJtl8Rri39vjvIpULA5XP0UoF/P3qBCwUwIvT3cFCnAkuZduRxV3ZNPg\nbBBA+3K/8RcyBCA8yq7Edg6FL5+w37FoOpeSnqtn0VktLybbCDpLpQzyCex+R1Z+\noQD2E5gTwViRWVopP9/BmsaHFDV+OsNHHmrTakXbketZXAcvBfANQBiVXRdI6hkB\nxrP8Q3kCbUDC00sCggEBAPZoKN30Tuq7//+LgJ6C+49nX8+wVVOBAFS2gOrbR3Qz\nX1LI8gcafQbFml0MfeIabWOZRjYnR0bhDQVuysO7FCDpile0Fs0ReEiwOdag2Jdo\n6kV9ZAEh6cO26wYvzhKN/8HOLj/CzJC/JbrWm0O4l3rWCrQJ0mBmZjXmHU7759Zw\nZ20yaCJ5qyOJMtXsAY1mB0ibMrcw7SQRlLKIhdADSuFVtvSCbdvBeip4GCdOsWth\nf0Cs/pIf1JRDnI1yfhSSxJ9BlLx+ux4KFogCERPzUMNgFDU7CwE9JBLNGwg4SJbx\nbpHy8xZ0qZ9VsHOnx6rLsWa2nk/412uNVuOZqROHFgUCggEAHFPLGqlzb6JR/6GT\neweZdXa/U15Li19XnD8hzHfnRbVW0RGU/3zGLnKVsBYC/YVqIc7HOZtqMcAAGsvo\njqsmK/G0B/gAAQPGGoEgCUZZUfKPtNfyMqkrHmwdFa7yyFoSt6C4PG1lHzi0inOL\nCamatnhCA+yq8m82BVDxQ7eThZwrADPU+QHnInf704TQnAaXgT2RVLQUt6zNY98H\nWJqmW6RpJ5Rd+UZ7d0CSvoeT2eOyDRSQt3Trml2+EhpRVcbq4NgId5MUdST3Gsvh\n5lEauekMthhUBUDJbcv2ArtSK7uzjT6/p8A7fLBmqVksPMQ/KTWSqALKW2LiPmnH\n3mJtGQKCAQEAhxgGR+I5HjMioJ2AT+eqOi5H9ltL/LM+VjOVLK46V7gOrBmlsEVS\nhNLz1c4SelNY5AFV4DzatD6Q4AilPHimCYFhKsJ+ucG5O8j6fPTEqwaHYr/jg0dv\nnbD82/B7v+qAbWY4LxcDBtz1t6EPkSp0SpFtXtX/tICPyz81lGdB7WzFF7ZKJ5Sj\nQqFm8KgrFbX5ilIklRFLArps1xFIpAoaFL7kxtt3lcNW0k/zliFr3l6e4Pu3uq+e\n4gbLnzVFcMwi5tmSzWGB/28yeTEA4fpFrkhP6/tKBkzaKUCwcGpDShZmM7iKlCY0\nFTpquo4jRz3ULmczFs9sc/gSykglzaIDbQKCAQEAnmkdcZc2GzAXk6E/1HywiWVp\nYw8yehTh2m5yCJEp1r49yy131ai4PdSHXLg/12lC6bEWxtYacQHI/DkwbMNXiBtw\nX1MUl5HU2IpP2gI/PbBqhW2+/WNs6zfKi0HSd4zHvAV8JwcQFl9T2Ky6Ptg2+Xma\n2VGLxbC126EsOLdfJP4L6gfzZMYhesntEqfLvrqo0LbpdOQWGowA1Gi9ENZi0YdQ\nXi6AZG7ihOzEhjRFa7ivufk0flQ+Y68lVv5EGBa5EwNArt35yhyaFRUG1BUefUbi\nZqkzFD8vcRhkGQYOFMhU5MXA5CLxiCrwDXy4GNdms67dTCIur6fFeOFyarwpDQ==\n-----END RSA PRIVATE KEY-----\n",
            "content_base64": null,
            "directory_permission": "0777",
            "file_permission": "0400",
            "filename": "/home/ninja-turtle/Downloads/suraj_key.pem",
            "id": "b555adfe5e3efb45a1186726d27c7b0d909d14a3",
            "sensitive_content": null,
            "source": null
          },
          "sensitive_attributes": [
            [
              {
                "type": "get_attr",
                "value": "content"
              }
            ]
          ],
          "dependencies": [
            "module.access_key.tls_private_key.rsa"
          ]
        }
      ]
    },
    {
      "module": "module.access_key",
      "mode": "managed",
      "type": "tls_private_key",
      "name": "rsa",
      "provider": "provider[\"registry.terraform.io/hashicorp/tls\"]",
      "instances": [
        {
          "schema_version": 1,
          "attributes": {
            "algorithm": "RSA",
            "ecdsa_curve": "P224",
            "id": "b59746d737f2ade1efc5a0e68df6ceaee44c746f",
            "private_key_openssh": "-----BEGIN OPENSSH PRIVATE KEY-----\nb3BlbnNzaC1rZXktdjEAAAAABG5vbmUAAAAEbm9uZQAAAAAAAAABAAACFwAAAAdz\nc2gtcnNhAAAAAwEAAQAAAgEA5AopBxK1VYDlLvlzXe2aRlYcqcFBAto1C4ypWdgQ\nqhBb5yN/cyQB3SPZM9Gh/FCzqqNiMSLx+r3BXyqOxWIosWXm8Dpi6KZ3m6HX7g44\nL/Hc5XOoPPt4N33gr3UfxzLZaWpcHX7NWXZVAOwrx5kAmecQY3n8q7N1xPoq9w6h\n/wsip4hqnnGcuNHTem1yb3+MQsaJKmOEFESTlLfxeyWYbwMo44Kz8eUwclBlALyg\nZeV/zrrG+ajpWSj2xMqNqQMCuHTsZWNGy85DKtnWJ/eUUwEht+ULFcSzGepVCRHG\nNKappg6HLhwrEi8CDDhnJ3csPc0ONB7sE5ivowcmNWUt0qYGzxitDfJssfcFNNsv\nhrj6OV+3UF6I9Vd2qF03MmKicVWu4DbTAoKsk6r+h51ict141fStglljZyuXuMTG\nBOjWdJtjH3iIwzvd6RjhRIV8av4Olofja3k60NwDhomkNRARol7xeH2MPVDjSTdv\nVVJIgKq+UVPTtfG/KdM2Q0JYJ1zr/6YdpctPSlbqFaOpXUig6N+xeXdjvi6C1ibm\n6A16IGRpRUwk4QXy38dNEHJcT+AzKwjl73ALT+S4f3JwVBY8nbgaL8SJEta2MDTY\n6qacjZat9iBDie1uoV/Eimf1GjCrF8b5lS6WxOsrLjhLOz33F3Ws9kCX2WRbof+D\nkncAAAc4Hr0KqR69CqkAAAAHc3NoLXJzYQAAAgEA5AopBxK1VYDlLvlzXe2aRlYc\nqcFBAto1C4ypWdgQqhBb5yN/cyQB3SPZM9Gh/FCzqqNiMSLx+r3BXyqOxWIosWXm\n8Dpi6KZ3m6HX7g44L/Hc5XOoPPt4N33gr3UfxzLZaWpcHX7NWXZVAOwrx5kAmecQ\nY3n8q7N1xPoq9w6h/wsip4hqnnGcuNHTem1yb3+MQsaJKmOEFESTlLfxeyWYbwMo\n44Kz8eUwclBlALygZeV/zrrG+ajpWSj2xMqNqQMCuHTsZWNGy85DKtnWJ/eUUwEh\nt+ULFcSzGepVCRHGNKappg6HLhwrEi8CDDhnJ3csPc0ONB7sE5ivowcmNWUt0qYG\nzxitDfJssfcFNNsvhrj6OV+3UF6I9Vd2qF03MmKicVWu4DbTAoKsk6r+h51ict14\n1fStglljZyuXuMTGBOjWdJtjH3iIwzvd6RjhRIV8av4Olofja3k60NwDhomkNRAR\nol7xeH2MPVDjSTdvVVJIgKq+UVPTtfG/KdM2Q0JYJ1zr/6YdpctPSlbqFaOpXUig\n6N+xeXdjvi6C1ibm6A16IGRpRUwk4QXy38dNEHJcT+AzKwjl73ALT+S4f3JwVBY8\nnbgaL8SJEta2MDTY6qacjZat9iBDie1uoV/Eimf1GjCrF8b5lS6WxOsrLjhLOz33\nF3Ws9kCX2WRbof+DkncAAAADAQABAAACAQDG78os/ngtOH43hazMc1zUIYlt2kbx\nyxTdl3+h/mlDQ3Q5Z3FnLDFoDz8MAsSyzmB+63vc6+R33xSUBhd5QJHJeOGIDxd8\naMUNg5pRdhw0T2Zq0YQidyrAFlNuHdp0N/sNCJmFrbpNYnrzjBUBUowAt2BHuALi\nc3O5PJlA4IYYbkl0KAEDao/TeFFqi5J6jKX7FyJQVXLDD7RD2FiVGw4pQnNoTvzW\neR/TiikjBGtVmWnvGmg9Iss3WhI1SZNdr1+vNWmJZZs8bxuPhWxbf5Po+aLFv830\n1p18bT5z5Aqqof57/E6XvkEg4tuBd68d8cwpufq7I4LF8by/l5wQlszqQwDtX5HZ\n79jl+eUsDRkSea6zUsYrcZyUqxOcNjpE4iUHTGinW6Qn9Ei2n2fqrqjywzhgVNVR\nUsd8TB5tvJ2TitC7sEoYEQrWeZ47kf9QTBKZHMOUZxSyqGu2WU/wj5ITjx6LgDNk\n6a88j0BFPD947MLCq3AVOgSRaGtFd9FiBH7zBEMcfWcfdS/lSx6i4OTT13ICp7Xt\njzSsmaZPs8wmfQk6KLjqhauLOeCBMlXPQVV/xry4tlBSyIpzGJuc74cX/+GoOXe1\nd8LBaZjrV7mQd0TLNUZPlnSz8EGjTJ0oLZzJVVFPxSykUYuXGzvKftJP6cR5ChWH\n5oZ8HDFREjYCSQAAAQEAnmkdcZc2GzAXk6E/1HywiWVpYw8yehTh2m5yCJEp1r49\nyy131ai4PdSHXLg/12lC6bEWxtYacQHI/DkwbMNXiBtwX1MUl5HU2IpP2gI/PbBq\nhW2+/WNs6zfKi0HSd4zHvAV8JwcQFl9T2Ky6Ptg2+Xma2VGLxbC126EsOLdfJP4L\n6gfzZMYhesntEqfLvrqo0LbpdOQWGowA1Gi9ENZi0YdQXi6AZG7ihOzEhjRFa7iv\nufk0flQ+Y68lVv5EGBa5EwNArt35yhyaFRUG1BUefUbiZqkzFD8vcRhkGQYOFMhU\n5MXA5CLxiCrwDXy4GNdms67dTCIur6fFeOFyarwpDQAAAQEA7OrxLs0akDI76imo\nVZCL/ep2ub9ounFD8Inu3jWzWBj6EUM8ig4Jg55jJFGk5srNZt/BjE4CQnTjNhn7\n5wfeQVXa8RqG5M/ALCTvOIf9qE+BvqYxOG6+QVB7a2tNeECn2OiaoXEWfzXU+qUY\nm2XxGuLf2+O8ilQsDlc/RSgX8/eoELBTAi9PdwUKcCS5l25HFXdk0+BsEED7cr/x\nFzIEIDzKrsR2DoUvn7DfsWg6l5Keq2fRWS0vJtsIOkulDPIJ7H5HVn6hAPYTmBPB\nWJFZWik/38GaxocUNX46w0ceatNqRduR61lcBy8F8A1AGJVdF0jqGQHGs/xDeQJt\nQMLTSwAAAQEA9mgo3fRO6rv//4uAnoL7j2dfz7BVU4EAVLaA6ttHdDNfUsjyBxp9\nBsWaXQx94hptY5lGNidHRuENBW7Kw7sUIOmKV7QWzRF4SLA51qDYl2jqRX1kASHp\nw7brBi/OEo3/wc4uP8LMkL8lutabQ7iXetYKtAnSYGZmNeYdTvvn1nBnbTJoInmr\nI4ky1ewBjWYHSJsytzDtJBGUsoiF0ANK4VW29IJt28F6KngYJ06xa2F/QKz+kh/U\nlEOcjXJ+FJLEn0GUvH67HgoWiAIRE/NQw2AUNTsLAT0kEs0bCDhIlvFukfLzFnSp\nn1Wwc6fHqsuxZraeT/jXa41W45mpE4cWBQAAAAAB\n-----END OPENSSH PRIVATE KEY-----\n",
            "private_key_pem": "-----BEGIN RSA PRIVATE KEY-----\nMIIJKgIBAAKCAgEA5AopBxK1VYDlLvlzXe2aRlYcqcFBAto1C4ypWdgQqhBb5yN/\ncyQB3SPZM9Gh/FCzqqNiMSLx+r3BXyqOxWIosWXm8Dpi6KZ3m6HX7g44L/Hc5XOo\nPPt4N33gr3UfxzLZaWpcHX7NWXZVAOwrx5kAmecQY3n8q7N1xPoq9w6h/wsip4hq\nnnGcuNHTem1yb3+MQsaJKmOEFESTlLfxeyWYbwMo44Kz8eUwclBlALygZeV/zrrG\n+ajpWSj2xMqNqQMCuHTsZWNGy85DKtnWJ/eUUwEht+ULFcSzGepVCRHGNKappg6H\nLhwrEi8CDDhnJ3csPc0ONB7sE5ivowcmNWUt0qYGzxitDfJssfcFNNsvhrj6OV+3\nUF6I9Vd2qF03MmKicVWu4DbTAoKsk6r+h51ict141fStglljZyuXuMTGBOjWdJtj\nH3iIwzvd6RjhRIV8av4Olofja3k60NwDhomkNRARol7xeH2MPVDjSTdvVVJIgKq+\nUVPTtfG/KdM2Q0JYJ1zr/6YdpctPSlbqFaOpXUig6N+xeXdjvi6C1ibm6A16IGRp\nRUwk4QXy38dNEHJcT+AzKwjl73ALT+S4f3JwVBY8nbgaL8SJEta2MDTY6qacjZat\n9iBDie1uoV/Eimf1GjCrF8b5lS6WxOsrLjhLOz33F3Ws9kCX2WRbof+DkncCAwEA\nAQKCAgEAxu/KLP54LTh+N4WszHNc1CGJbdpG8csU3Zd/of5pQ0N0OWdxZywxaA8/\nDALEss5gfut73Ovkd98UlAYXeUCRyXjhiA8XfGjFDYOaUXYcNE9matGEIncqwBZT\nbh3adDf7DQiZha26TWJ684wVAVKMALdgR7gC4nNzuTyZQOCGGG5JdCgBA2qP03hR\naouSeoyl+xciUFVyww+0Q9hYlRsOKUJzaE781nkf04opIwRrVZlp7xpoPSLLN1oS\nNUmTXa9frzVpiWWbPG8bj4VsW3+T6Pmixb/N9NadfG0+c+QKqqH+e/xOl75BIOLb\ngXevHfHMKbn6uyOCxfG8v5ecEJbM6kMA7V+R2e/Y5fnlLA0ZEnmus1LGK3GclKsT\nnDY6ROIlB0xop1ukJ/RItp9n6q6o8sM4YFTVUVLHfEwebbydk4rQu7BKGBEK1nme\nO5H/UEwSmRzDlGcUsqhrtllP8I+SE48ei4AzZOmvPI9ARTw/eOzCwqtwFToEkWhr\nRXfRYgR+8wRDHH1nH3Uv5UseouDk09dyAqe17Y80rJmmT7PMJn0JOii46oWrizng\ngTJVz0FVf8a8uLZQUsiKcxibnO+HF//hqDl3tXfCwWmY61e5kHdEyzVGT5Z0s/BB\no0ydKC2cyVVRT8UspFGLlxs7yn7ST+nEeQoVh+aGfBwxURI2AkkCggEBAOzq8S7N\nGpAyO+opqFWQi/3qdrm/aLpxQ/CJ7t41s1gY+hFDPIoOCYOeYyRRpObKzWbfwYxO\nAkJ04zYZ++cH3kFV2vEahuTPwCwk7ziH/ahPgb6mMThuvkFQe2trTXhAp9jomqFx\nFn811PqlGJtl8Rri39vjvIpULA5XP0UoF/P3qBCwUwIvT3cFCnAkuZduRxV3ZNPg\nbBBA+3K/8RcyBCA8yq7Edg6FL5+w37FoOpeSnqtn0VktLybbCDpLpQzyCex+R1Z+\noQD2E5gTwViRWVopP9/BmsaHFDV+OsNHHmrTakXbketZXAcvBfANQBiVXRdI6hkB\nxrP8Q3kCbUDC00sCggEBAPZoKN30Tuq7//+LgJ6C+49nX8+wVVOBAFS2gOrbR3Qz\nX1LI8gcafQbFml0MfeIabWOZRjYnR0bhDQVuysO7FCDpile0Fs0ReEiwOdag2Jdo\n6kV9ZAEh6cO26wYvzhKN/8HOLj/CzJC/JbrWm0O4l3rWCrQJ0mBmZjXmHU7759Zw\nZ20yaCJ5qyOJMtXsAY1mB0ibMrcw7SQRlLKIhdADSuFVtvSCbdvBeip4GCdOsWth\nf0Cs/pIf1JRDnI1yfhSSxJ9BlLx+ux4KFogCERPzUMNgFDU7CwE9JBLNGwg4SJbx\nbpHy8xZ0qZ9VsHOnx6rLsWa2nk/412uNVuOZqROHFgUCggEAHFPLGqlzb6JR/6GT\neweZdXa/U15Li19XnD8hzHfnRbVW0RGU/3zGLnKVsBYC/YVqIc7HOZtqMcAAGsvo\njqsmK/G0B/gAAQPGGoEgCUZZUfKPtNfyMqkrHmwdFa7yyFoSt6C4PG1lHzi0inOL\nCamatnhCA+yq8m82BVDxQ7eThZwrADPU+QHnInf704TQnAaXgT2RVLQUt6zNY98H\nWJqmW6RpJ5Rd+UZ7d0CSvoeT2eOyDRSQt3Trml2+EhpRVcbq4NgId5MUdST3Gsvh\n5lEauekMthhUBUDJbcv2ArtSK7uzjT6/p8A7fLBmqVksPMQ/KTWSqALKW2LiPmnH\n3mJtGQKCAQEAhxgGR+I5HjMioJ2AT+eqOi5H9ltL/LM+VjOVLK46V7gOrBmlsEVS\nhNLz1c4SelNY5AFV4DzatD6Q4AilPHimCYFhKsJ+ucG5O8j6fPTEqwaHYr/jg0dv\nnbD82/B7v+qAbWY4LxcDBtz1t6EPkSp0SpFtXtX/tICPyz81lGdB7WzFF7ZKJ5Sj\nQqFm8KgrFbX5ilIklRFLArps1xFIpAoaFL7kxtt3lcNW0k/zliFr3l6e4Pu3uq+e\n4gbLnzVFcMwi5tmSzWGB/28yeTEA4fpFrkhP6/tKBkzaKUCwcGpDShZmM7iKlCY0\nFTpquo4jRz3ULmczFs9sc/gSykglzaIDbQKCAQEAnmkdcZc2GzAXk6E/1HywiWVp\nYw8yehTh2m5yCJEp1r49yy131ai4PdSHXLg/12lC6bEWxtYacQHI/DkwbMNXiBtw\nX1MUl5HU2IpP2gI/PbBqhW2+/WNs6zfKi0HSd4zHvAV8JwcQFl9T2Ky6Ptg2+Xma\n2VGLxbC126EsOLdfJP4L6gfzZMYhesntEqfLvrqo0LbpdOQWGowA1Gi9ENZi0YdQ\nXi6AZG7ihOzEhjRFa7ivufk0flQ+Y68lVv5EGBa5EwNArt35yhyaFRUG1BUefUbi\nZqkzFD8vcRhkGQYOFMhU5MXA5CLxiCrwDXy4GNdms67dTCIur6fFeOFyarwpDQ==\n-----END RSA PRIVATE KEY-----\n",
            "private_key_pem_pkcs8": "-----BEGIN PRIVATE KEY-----\nMIIJRAIBADANBgkqhkiG9w0BAQEFAASCCS4wggkqAgEAAoICAQDkCikHErVVgOUu\n+XNd7ZpGVhypwUEC2jULjKlZ2BCqEFvnI39zJAHdI9kz0aH8ULOqo2IxIvH6vcFf\nKo7FYiixZebwOmLopnebodfuDjgv8dzlc6g8+3g3feCvdR/HMtlpalwdfs1ZdlUA\n7CvHmQCZ5xBjefyrs3XE+ir3DqH/CyKniGqecZy40dN6bXJvf4xCxokqY4QURJOU\nt/F7JZhvAyjjgrPx5TByUGUAvKBl5X/Ousb5qOlZKPbEyo2pAwK4dOxlY0bLzkMq\n2dYn95RTASG35QsVxLMZ6lUJEcY0pqmmDocuHCsSLwIMOGcndyw9zQ40HuwTmK+j\nByY1ZS3SpgbPGK0N8myx9wU02y+GuPo5X7dQXoj1V3aoXTcyYqJxVa7gNtMCgqyT\nqv6HnWJy3XjV9K2CWWNnK5e4xMYE6NZ0m2MfeIjDO93pGOFEhXxq/g6Wh+NreTrQ\n3AOGiaQ1EBGiXvF4fYw9UONJN29VUkiAqr5RU9O18b8p0zZDQlgnXOv/ph2ly09K\nVuoVo6ldSKDo37F5d2O+LoLWJuboDXogZGlFTCThBfLfx00QclxP4DMrCOXvcAtP\n5Lh/cnBUFjyduBovxIkS1rYwNNjqppyNlq32IEOJ7W6hX8SKZ/UaMKsXxvmVLpbE\n6ysuOEs7PfcXdaz2QJfZZFuh/4OSdwIDAQABAoICAQDG78os/ngtOH43hazMc1zU\nIYlt2kbxyxTdl3+h/mlDQ3Q5Z3FnLDFoDz8MAsSyzmB+63vc6+R33xSUBhd5QJHJ\neOGIDxd8aMUNg5pRdhw0T2Zq0YQidyrAFlNuHdp0N/sNCJmFrbpNYnrzjBUBUowA\nt2BHuALic3O5PJlA4IYYbkl0KAEDao/TeFFqi5J6jKX7FyJQVXLDD7RD2FiVGw4p\nQnNoTvzWeR/TiikjBGtVmWnvGmg9Iss3WhI1SZNdr1+vNWmJZZs8bxuPhWxbf5Po\n+aLFv8301p18bT5z5Aqqof57/E6XvkEg4tuBd68d8cwpufq7I4LF8by/l5wQlszq\nQwDtX5HZ79jl+eUsDRkSea6zUsYrcZyUqxOcNjpE4iUHTGinW6Qn9Ei2n2fqrqjy\nwzhgVNVRUsd8TB5tvJ2TitC7sEoYEQrWeZ47kf9QTBKZHMOUZxSyqGu2WU/wj5IT\njx6LgDNk6a88j0BFPD947MLCq3AVOgSRaGtFd9FiBH7zBEMcfWcfdS/lSx6i4OTT\n13ICp7XtjzSsmaZPs8wmfQk6KLjqhauLOeCBMlXPQVV/xry4tlBSyIpzGJuc74cX\n/+GoOXe1d8LBaZjrV7mQd0TLNUZPlnSz8EGjTJ0oLZzJVVFPxSykUYuXGzvKftJP\n6cR5ChWH5oZ8HDFREjYCSQKCAQEA7OrxLs0akDI76imoVZCL/ep2ub9ounFD8Inu\n3jWzWBj6EUM8ig4Jg55jJFGk5srNZt/BjE4CQnTjNhn75wfeQVXa8RqG5M/ALCTv\nOIf9qE+BvqYxOG6+QVB7a2tNeECn2OiaoXEWfzXU+qUYm2XxGuLf2+O8ilQsDlc/\nRSgX8/eoELBTAi9PdwUKcCS5l25HFXdk0+BsEED7cr/xFzIEIDzKrsR2DoUvn7Df\nsWg6l5Keq2fRWS0vJtsIOkulDPIJ7H5HVn6hAPYTmBPBWJFZWik/38GaxocUNX46\nw0ceatNqRduR61lcBy8F8A1AGJVdF0jqGQHGs/xDeQJtQMLTSwKCAQEA9mgo3fRO\n6rv//4uAnoL7j2dfz7BVU4EAVLaA6ttHdDNfUsjyBxp9BsWaXQx94hptY5lGNidH\nRuENBW7Kw7sUIOmKV7QWzRF4SLA51qDYl2jqRX1kASHpw7brBi/OEo3/wc4uP8LM\nkL8lutabQ7iXetYKtAnSYGZmNeYdTvvn1nBnbTJoInmrI4ky1ewBjWYHSJsytzDt\nJBGUsoiF0ANK4VW29IJt28F6KngYJ06xa2F/QKz+kh/UlEOcjXJ+FJLEn0GUvH67\nHgoWiAIRE/NQw2AUNTsLAT0kEs0bCDhIlvFukfLzFnSpn1Wwc6fHqsuxZraeT/jX\na41W45mpE4cWBQKCAQAcU8saqXNvolH/oZN7B5l1dr9TXkuLX1ecPyHMd+dFtVbR\nEZT/fMYucpWwFgL9hWohzsc5m2oxwAAay+iOqyYr8bQH+AABA8YagSAJRllR8o+0\n1/IyqSsebB0VrvLIWhK3oLg8bWUfOLSKc4sJqZq2eEID7KrybzYFUPFDt5OFnCsA\nM9T5Aecid/vThNCcBpeBPZFUtBS3rM1j3wdYmqZbpGknlF35Rnt3QJK+h5PZ47IN\nFJC3dOuaXb4SGlFVxurg2Ah3kxR1JPcay+HmURq56Qy2GFQFQMlty/YCu1Iru7ON\nPr+nwDt8sGapWSw8xD8pNZKoAspbYuI+acfeYm0ZAoIBAQCHGAZH4jkeMyKgnYBP\n56o6Lkf2W0v8sz5WM5UsrjpXuA6sGaWwRVKE0vPVzhJ6U1jkAVXgPNq0PpDgCKU8\neKYJgWEqwn65wbk7yPp89MSrBodiv+ODR2+dsPzb8Hu/6oBtZjgvFwMG3PW3oQ+R\nKnRKkW1e1f+0gI/LPzWUZ0HtbMUXtkonlKNCoWbwqCsVtfmKUiSVEUsCumzXEUik\nChoUvuTG23eVw1bST/OWIWveXp7g+7e6r57iBsufNUVwzCLm2ZLNYYH/bzJ5MQDh\n+kWuSE/r+0oGTNopQLBwakNKFmYzuIqUJjQVOmq6jiNHPdQuZzMWz2xz+BLKSCXN\nogNtAoIBAQCeaR1xlzYbMBeToT/UfLCJZWljDzJ6FOHabnIIkSnWvj3LLXfVqLg9\n1IdcuD/XaULpsRbG1hpxAcj8OTBsw1eIG3BfUxSXkdTYik/aAj89sGqFbb79Y2zr\nN8qLQdJ3jMe8BXwnBxAWX1PYrLo+2Db5eZrZUYvFsLXboSw4t18k/gvqB/NkxiF6\nye0Sp8u+uqjQtul05BYajADUaL0Q1mLRh1BeLoBkbuKE7MSGNEVruK+5+TR+VD5j\nryVW/kQYFrkTA0Cu3fnKHJoVFQbUFR59RuJmqTMUPy9xGGQZBg4UyFTkxcDkIvGI\nKvANfLgY12azrt1MIi6vp8V44XJqvCkN\n-----END PRIVATE KEY-----\n",
            "public_key_fingerprint_md5": "b7:00:4d:9f:63:48:cb:29:68:11:45:84:a8:2c:01:6e",
            "public_key_fingerprint_sha256": "SHA256:3+bgJp1TwdNYKkRDOx7Mrm66MUiM12MPJyTKFFyEWnY",
            "public_key_openssh": "ssh-rsa AAAAB3NzaC1yc2EAAAADAQABAAACAQDkCikHErVVgOUu+XNd7ZpGVhypwUEC2jULjKlZ2BCqEFvnI39zJAHdI9kz0aH8ULOqo2IxIvH6vcFfKo7FYiixZebwOmLopnebodfuDjgv8dzlc6g8+3g3feCvdR/HMtlpalwdfs1ZdlUA7CvHmQCZ5xBjefyrs3XE+ir3DqH/CyKniGqecZy40dN6bXJvf4xCxokqY4QURJOUt/F7JZhvAyjjgrPx5TByUGUAvKBl5X/Ousb5qOlZKPbEyo2pAwK4dOxlY0bLzkMq2dYn95RTASG35QsVxLMZ6lUJEcY0pqmmDocuHCsSLwIMOGcndyw9zQ40HuwTmK+jByY1ZS3SpgbPGK0N8myx9wU02y+GuPo5X7dQXoj1V3aoXTcyYqJxVa7gNtMCgqyTqv6HnWJy3XjV9K2CWWNnK5e4xMYE6NZ0m2MfeIjDO93pGOFEhXxq/g6Wh+NreTrQ3AOGiaQ1EBGiXvF4fYw9UONJN29VUkiAqr5RU9O18b8p0zZDQlgnXOv/ph2ly09KVuoVo6ldSKDo37F5d2O+LoLWJuboDXogZGlFTCThBfLfx00QclxP4DMrCOXvcAtP5Lh/cnBUFjyduBovxIkS1rYwNNjqppyNlq32IEOJ7W6hX8SKZ/UaMKsXxvmVLpbE6ysuOEs7PfcXdaz2QJfZZFuh/4OSdw==\n",
            "public_key_pem": "-----BEGIN PUBLIC KEY-----\nMIICIjANBgkqhkiG9w0BAQEFAAOCAg8AMIICCgKCAgEA5AopBxK1VYDlLvlzXe2a\nRlYcqcFBAto1C4ypWdgQqhBb5yN/cyQB3SPZM9Gh/FCzqqNiMSLx+r3BXyqOxWIo\nsWXm8Dpi6KZ3m6HX7g44L/Hc5XOoPPt4N33gr3UfxzLZaWpcHX7NWXZVAOwrx5kA\nmecQY3n8q7N1xPoq9w6h/wsip4hqnnGcuNHTem1yb3+MQsaJKmOEFESTlLfxeyWY\nbwMo44Kz8eUwclBlALygZeV/zrrG+ajpWSj2xMqNqQMCuHTsZWNGy85DKtnWJ/eU\nUwEht+ULFcSzGepVCRHGNKappg6HLhwrEi8CDDhnJ3csPc0ONB7sE5ivowcmNWUt\n0qYGzxitDfJssfcFNNsvhrj6OV+3UF6I9Vd2qF03MmKicVWu4DbTAoKsk6r+h51i\nct141fStglljZyuXuMTGBOjWdJtjH3iIwzvd6RjhRIV8av4Olofja3k60NwDhomk\nNRARol7xeH2MPVDjSTdvVVJIgKq+UVPTtfG/KdM2Q0JYJ1zr/6YdpctPSlbqFaOp\nXUig6N+xeXdjvi6C1ibm6A16IGRpRUwk4QXy38dNEHJcT+AzKwjl73ALT+S4f3Jw\nVBY8nbgaL8SJEta2MDTY6qacjZat9iBDie1uoV/Eimf1GjCrF8b5lS6WxOsrLjhL\nOz33F3Ws9kCX2WRbof+DkncCAwEAAQ==\n-----END PUBLIC KEY-----\n",
            "rsa_bits": 4096
          },
          "sensitive_attributes": []
        }
      ]
    },
    {
      "module": "module.igw",
      "mode": "managed",
      "type": "aws_internet_gateway",
      "name": "igw",
      "provider": "provider[\"registry.terraform.io/hashicorp/aws\"]",
      "instances": [
        {
          "schema_version": 0,
          "attributes": {
            "arn": "arn:aws:ec2:us-east-1:520097146698:internet-gateway/igw-04af59654238425f3",
            "id": "igw-04af59654238425f3",
            "owner_id": "520097146698",
            "tags": {
              "Name": "igw",
              "Owner": "Neeraj"
            },
            "tags_all": {
              "Name": "igw",
              "Owner": "Neeraj"
            },
            "timeouts": null,
            "vpc_id": "vpc-03029d7c8297d3351"
          },
          "sensitive_attributes": [],
          "private": "eyJlMmJmYjczMC1lY2FhLTExZTYtOGY4OC0zNDM2M2JjN2M0YzAiOnsiY3JlYXRlIjoxMjAwMDAwMDAwMDAwLCJkZWxldGUiOjEyMDAwMDAwMDAwMDAsInVwZGF0ZSI6MTIwMDAwMDAwMDAwMH19",
          "dependencies": [
            "module.vpc.aws_vpc.my_vpc"
          ]
        }
      ]
    },
    {
      "module": "module.master",
      "mode": "managed",
      "type": "aws_instance",
      "name": "ec2",
      "provider": "provider[\"registry.terraform.io/hashicorp/aws\"]",
      "instances": [
        {
          "schema_version": 1,
          "attributes": {
            "ami": "ami-08c40ec9ead489470",
            "arn": "arn:aws:ec2:us-east-1:520097146698:instance/i-08264bd62534e83a7",
            "associate_public_ip_address": true,
            "availability_zone": "us-east-1a",
            "capacity_reservation_specification": [
              {
                "capacity_reservation_preference": "open",
                "capacity_reservation_target": []
              }
            ],
            "cpu_core_count": 1,
            "cpu_threads_per_core": 1,
            "credit_specification": [
              {
                "cpu_credits": "standard"
              }
            ],
            "disable_api_stop": false,
            "disable_api_termination": false,
            "ebs_block_device": [],
            "ebs_optimized": false,
            "enclave_options": [
              {
                "enabled": false
              }
            ],
            "ephemeral_block_device": [],
            "get_password_data": false,
            "hibernation": false,
            "host_id": "",
            "host_resource_group_arn": null,
            "iam_instance_profile": "",
            "id": "i-08264bd62534e83a7",
            "instance_initiated_shutdown_behavior": "stop",
            "instance_state": "running",
            "instance_type": "t2.micro",
            "ipv6_address_count": 0,
            "ipv6_addresses": [],
            "key_name": "redis",
            "launch_template": [],
            "maintenance_options": [
              {
                "auto_recovery": "default"
              }
            ],
            "metadata_options": [
              {
                "http_endpoint": "enabled",
                "http_put_response_hop_limit": 1,
                "http_tokens": "optional",
                "instance_metadata_tags": "disabled"
              }
            ],
            "monitoring": false,
            "network_interface": [],
            "outpost_arn": "",
            "password_data": "",
            "placement_group": "",
            "placement_partition_number": 0,
            "primary_network_interface_id": "eni-0ba93f35656fc667d",
            "private_dns": "ip-10-0-0-120.ec2.internal",
            "private_dns_name_options": [
              {
                "enable_resource_name_dns_a_record": false,
                "enable_resource_name_dns_aaaa_record": false,
                "hostname_type": "ip-name"
              }
            ],
            "private_ip": "10.0.0.120",
            "public_dns": "",
            "public_ip": "44.201.244.211",
            "root_block_device": [
              {
                "delete_on_termination": true,
                "device_name": "/dev/sda1",
                "encrypted": false,
                "iops": 100,
                "kms_key_id": "",
                "tags": {},
                "throughput": 0,
                "volume_id": "vol-051a0e007bff833ae",
                "volume_size": 8,
                "volume_type": "gp2"
              }
            ],
            "secondary_private_ips": [],
            "security_groups": [],
            "source_dest_check": true,
            "subnet_id": "subnet-079aa708dbbda1dfd",
            "tags": {
              "Name": "master",
              "Owner": "Neeraj"
            },
            "tags_all": {
              "Name": "master",
              "Owner": "Neeraj"
            },
            "tenancy": "default",
            "timeouts": null,
            "user_data": null,
            "user_data_base64": null,
            "user_data_replace_on_change": false,
            "volume_tags": null,
            "vpc_security_group_ids": [
              "sg-0da29b1e725608eb2"
            ]
          },
          "sensitive_attributes": [],
          "private": "eyJlMmJmYjczMC1lY2FhLTExZTYtOGY4OC0zNDM2M2JjN2M0YzAiOnsiY3JlYXRlIjo2MDAwMDAwMDAwMDAsImRlbGV0ZSI6MTIwMDAwMDAwMDAwMCwidXBkYXRlIjo2MDAwMDAwMDAwMDB9LCJzY2hlbWFfdmVyc2lvbiI6IjEifQ==",
          "dependencies": [
            "module.access_key.aws_key_pair.keypair",
            "module.access_key.tls_private_key.rsa",
            "module.pb_sg.aws_security_group.public_security_group",
            "module.public_subnet.aws_subnet.public_subnet",
            "module.vpc.aws_vpc.my_vpc"
          ]
        }
      ]
    },
    {
      "module": "module.nat",
      "mode": "managed",
      "type": "aws_eip",
      "name": "nat_eip",
      "provider": "provider[\"registry.terraform.io/hashicorp/aws\"]",
      "instances": [
        {
          "schema_version": 0,
          "attributes": {
            "address": null,
            "allocation_id": "eipalloc-079fad62d8861937a",
            "associate_with_private_ip": null,
            "association_id": "",
            "carrier_ip": "",
            "customer_owned_ip": "",
            "customer_owned_ipv4_pool": "",
            "domain": "vpc",
            "id": "eipalloc-079fad62d8861937a",
            "instance": "",
            "network_border_group": "us-east-1",
            "network_interface": "",
            "private_dns": null,
            "private_ip": "",
            "public_dns": "ec2-3-216-214-189.compute-1.amazonaws.com",
            "public_ip": "3.216.214.189",
            "public_ipv4_pool": "amazon",
            "tags": null,
            "tags_all": {},
            "timeouts": null,
            "vpc": true
          },
          "sensitive_attributes": [],
          "private": "eyJlMmJmYjczMC1lY2FhLTExZTYtOGY4OC0zNDM2M2JjN2M0YzAiOnsiZGVsZXRlIjoxODAwMDAwMDAwMDAsInJlYWQiOjkwMDAwMDAwMDAwMCwidXBkYXRlIjozMDAwMDAwMDAwMDB9fQ=="
        }
      ]
    },
    {
      "module": "module.nat",
      "mode": "managed",
      "type": "aws_nat_gateway",
      "name": "NAT_gateway",
      "provider": "provider[\"registry.terraform.io/hashicorp/aws\"]",
      "instances": [
        {
          "schema_version": 0,
          "attributes": {
            "allocation_id": "eipalloc-079fad62d8861937a",
            "connectivity_type": "public",
            "id": "nat-0782011ab0aa2ff34",
            "network_interface_id": "eni-07c56885fd1d8a1b8",
            "private_ip": "10.0.0.48",
            "public_ip": "3.216.214.189",
            "subnet_id": "subnet-079aa708dbbda1dfd",
            "tags": {
              "Name": "nat",
              "Owner": "Neeraj"
            },
            "tags_all": {
              "Name": "nat",
              "Owner": "Neeraj"
            }
          },
          "sensitive_attributes": [],
          "private": "bnVsbA==",
          "dependencies": [
            "module.nat.aws_eip.nat_eip",
            "module.public_subnet.aws_subnet.public_subnet",
            "module.vpc.aws_vpc.my_vpc"
          ]
        }
      ]
    },
    {
      "module": "module.node1",
      "mode": "managed",
      "type": "aws_instance",
      "name": "ec2",
      "provider": "provider[\"registry.terraform.io/hashicorp/aws\"]",
      "instances": [
        {
          "schema_version": 1,
          "attributes": {
            "ami": "ami-08c40ec9ead489470",
            "arn": "arn:aws:ec2:us-east-1:520097146698:instance/i-05ffd0d4232adf4db",
            "associate_public_ip_address": false,
            "availability_zone": "us-east-1b",
            "capacity_reservation_specification": [
              {
                "capacity_reservation_preference": "open",
                "capacity_reservation_target": []
              }
            ],
            "cpu_core_count": 1,
            "cpu_threads_per_core": 1,
            "credit_specification": [
              {
                "cpu_credits": "standard"
              }
            ],
            "disable_api_stop": false,
            "disable_api_termination": false,
            "ebs_block_device": [],
            "ebs_optimized": false,
            "enclave_options": [
              {
                "enabled": false
              }
            ],
            "ephemeral_block_device": [],
            "get_password_data": false,
            "hibernation": false,
            "host_id": "",
            "host_resource_group_arn": null,
            "iam_instance_profile": "",
            "id": "i-05ffd0d4232adf4db",
            "instance_initiated_shutdown_behavior": "stop",
            "instance_state": "running",
            "instance_type": "t2.micro",
            "ipv6_address_count": 0,
            "ipv6_addresses": [],
            "key_name": "redis",
            "launch_template": [],
            "maintenance_options": [
              {
                "auto_recovery": "default"
              }
            ],
            "metadata_options": [
              {
                "http_endpoint": "enabled",
                "http_put_response_hop_limit": 1,
                "http_tokens": "optional",
                "instance_metadata_tags": "disabled"
              }
            ],
            "monitoring": false,
            "network_interface": [],
            "outpost_arn": "",
            "password_data": "",
            "placement_group": "",
            "placement_partition_number": 0,
            "primary_network_interface_id": "eni-0e7d4ecc5426ee4e4",
            "private_dns": "ip-10-0-48-151.ec2.internal",
            "private_dns_name_options": [
              {
                "enable_resource_name_dns_a_record": false,
                "enable_resource_name_dns_aaaa_record": false,
                "hostname_type": "ip-name"
              }
            ],
            "private_ip": "10.0.48.151",
            "public_dns": "",
            "public_ip": "",
            "root_block_device": [
              {
                "delete_on_termination": true,
                "device_name": "/dev/sda1",
                "encrypted": false,
                "iops": 100,
                "kms_key_id": "",
                "tags": {},
                "throughput": 0,
                "volume_id": "vol-0e6dd4089b43e7b68",
                "volume_size": 8,
                "volume_type": "gp2"
              }
            ],
            "secondary_private_ips": [],
            "security_groups": [],
            "source_dest_check": true,
            "subnet_id": "subnet-0c83b99bc9d628af7",
            "tags": {
              "Name": "db_Node1",
              "Owner": "Neeraj"
            },
            "tags_all": {
              "Name": "db_Node1",
              "Owner": "Neeraj"
            },
            "tenancy": "default",
            "timeouts": null,
            "user_data": null,
            "user_data_base64": null,
            "user_data_replace_on_change": false,
            "volume_tags": null,
            "vpc_security_group_ids": [
              "sg-00cb63418e0cfe934"
            ]
          },
          "sensitive_attributes": [],
          "private": "eyJlMmJmYjczMC1lY2FhLTExZTYtOGY4OC0zNDM2M2JjN2M0YzAiOnsiY3JlYXRlIjo2MDAwMDAwMDAwMDAsImRlbGV0ZSI6MTIwMDAwMDAwMDAwMCwidXBkYXRlIjo2MDAwMDAwMDAwMDB9LCJzY2hlbWFfdmVyc2lvbiI6IjEifQ==",
          "dependencies": [
            "module.access_key.aws_key_pair.keypair",
            "module.access_key.tls_private_key.rsa",
            "module.pvt_sg.aws_security_group.private_security_group",
            "module.pvt_subnet1.aws_subnet.private_subnet",
            "module.vpc.aws_vpc.my_vpc"
          ]
        }
      ]
    },
    {
      "module": "module.node2",
      "mode": "managed",
      "type": "aws_instance",
      "name": "ec2",
      "provider": "provider[\"registry.terraform.io/hashicorp/aws\"]",
      "instances": [
        {
          "schema_version": 1,
          "attributes": {
            "ami": "ami-08c40ec9ead489470",
            "arn": "arn:aws:ec2:us-east-1:520097146698:instance/i-0264ad3121aa663e3",
            "associate_public_ip_address": false,
            "availability_zone": "us-east-1c",
            "capacity_reservation_specification": [
              {
                "capacity_reservation_preference": "open",
                "capacity_reservation_target": []
              }
            ],
            "cpu_core_count": 1,
            "cpu_threads_per_core": 1,
            "credit_specification": [
              {
                "cpu_credits": "standard"
              }
            ],
            "disable_api_stop": false,
            "disable_api_termination": false,
            "ebs_block_device": [],
            "ebs_optimized": false,
            "enclave_options": [
              {
                "enabled": false
              }
            ],
            "ephemeral_block_device": [],
            "get_password_data": false,
            "hibernation": false,
            "host_id": "",
            "host_resource_group_arn": null,
            "iam_instance_profile": "",
            "id": "i-0264ad3121aa663e3",
            "instance_initiated_shutdown_behavior": "stop",
            "instance_state": "running",
            "instance_type": "t2.micro",
            "ipv6_address_count": 0,
            "ipv6_addresses": [],
            "key_name": "redis",
            "launch_template": [],
            "maintenance_options": [
              {
                "auto_recovery": "default"
              }
            ],
            "metadata_options": [
              {
                "http_endpoint": "enabled",
                "http_put_response_hop_limit": 1,
                "http_tokens": "optional",
                "instance_metadata_tags": "disabled"
              }
            ],
            "monitoring": false,
            "network_interface": [],
            "outpost_arn": "",
            "password_data": "",
            "placement_group": "",
            "placement_partition_number": 0,
            "primary_network_interface_id": "eni-004e2132707d8b64c",
            "private_dns": "ip-10-0-128-143.ec2.internal",
            "private_dns_name_options": [
              {
                "enable_resource_name_dns_a_record": false,
                "enable_resource_name_dns_aaaa_record": false,
                "hostname_type": "ip-name"
              }
            ],
            "private_ip": "10.0.128.143",
            "public_dns": "",
            "public_ip": "",
            "root_block_device": [
              {
                "delete_on_termination": true,
                "device_name": "/dev/sda1",
                "encrypted": false,
                "iops": 100,
                "kms_key_id": "",
                "tags": {},
                "throughput": 0,
                "volume_id": "vol-03735d7262078faa6",
                "volume_size": 8,
                "volume_type": "gp2"
              }
            ],
            "secondary_private_ips": [],
            "security_groups": [],
            "source_dest_check": true,
            "subnet_id": "subnet-09ca9e12dc89fd4f7",
            "tags": {
              "Name": "db_Node2",
              "Owner": "Neeraj"
            },
            "tags_all": {
              "Name": "db_Node2",
              "Owner": "Neeraj"
            },
            "tenancy": "default",
            "timeouts": null,
            "user_data": null,
            "user_data_base64": null,
            "user_data_replace_on_change": false,
            "volume_tags": null,
            "vpc_security_group_ids": [
              "sg-00cb63418e0cfe934"
            ]
          },
          "sensitive_attributes": [],
          "private": "eyJlMmJmYjczMC1lY2FhLTExZTYtOGY4OC0zNDM2M2JjN2M0YzAiOnsiY3JlYXRlIjo2MDAwMDAwMDAwMDAsImRlbGV0ZSI6MTIwMDAwMDAwMDAwMCwidXBkYXRlIjo2MDAwMDAwMDAwMDB9LCJzY2hlbWFfdmVyc2lvbiI6IjEifQ==",
          "dependencies": [
            "module.access_key.aws_key_pair.keypair",
            "module.access_key.tls_private_key.rsa",
            "module.pvt_sg.aws_security_group.private_security_group",
            "module.pvt_subnet2.aws_subnet.private_subnet",
            "module.vpc.aws_vpc.my_vpc"
          ]
        }
      ]
    },
    {
      "module": "module.pb_sg",
      "mode": "managed",
      "type": "aws_security_group",
      "name": "public_security_group",
      "provider": "provider[\"registry.terraform.io/hashicorp/aws\"]",
      "instances": [
        {
          "schema_version": 1,
          "attributes": {
            "arn": "arn:aws:ec2:us-east-1:520097146698:security-group/sg-0da29b1e725608eb2",
            "description": "security group",
            "egress": [
              {
                "cidr_blocks": [
                  "0.0.0.0/0"
                ],
                "description": "",
                "from_port": 0,
                "ipv6_cidr_blocks": [
                  "::/0"
                ],
                "prefix_list_ids": [],
                "protocol": "-1",
                "security_groups": [],
                "self": false,
                "to_port": 0
              }
            ],
            "id": "sg-0da29b1e725608eb2",
            "ingress": [
              {
                "cidr_blocks": [
                  "0.0.0.0/0"
                ],
                "description": "Traffic from VPC",
                "from_port": 22,
                "ipv6_cidr_blocks": [],
                "prefix_list_ids": [],
                "protocol": "tcp",
                "security_groups": [],
                "self": false,
                "to_port": 22
              },
              {
                "cidr_blocks": [
                  "0.0.0.0/0"
                ],
                "description": "Traffic from VPC",
                "from_port": 8443,
                "ipv6_cidr_blocks": [],
                "prefix_list_ids": [],
                "protocol": "tcp",
                "security_groups": [],
                "self": false,
                "to_port": 8443
              },
              {
                "cidr_blocks": [
                  "0.0.0.0/0"
                ],
                "description": "port for rd-crossCluster-search ",
                "from_port": 7000,
                "ipv6_cidr_blocks": [],
                "prefix_list_ids": [],
                "protocol": "tcp",
                "security_groups": [],
                "self": false,
                "to_port": 7000
              },
              {
                "cidr_blocks": [
                  "0.0.0.0/0"
                ],
                "description": "port for rd-nodeCommunication ",
                "from_port": 3333,
                "ipv6_cidr_blocks": [],
                "prefix_list_ids": [],
                "protocol": "tcp",
                "security_groups": [],
                "self": false,
                "to_port": 3333
              },
              {
                "cidr_blocks": [
                  "0.0.0.0/0"
                ],
                "description": "port for redis-database",
                "from_port": 10000,
                "ipv6_cidr_blocks": [],
                "prefix_list_ids": [],
                "protocol": "tcp",
                "security_groups": [],
                "self": false,
                "to_port": 10000
              },
              {
                "cidr_blocks": [
                  "0.0.0.0/0"
                ],
                "description": "port for redis-rest-api",
                "from_port": 9443,
                "ipv6_cidr_blocks": [],
                "prefix_list_ids": [],
                "protocol": "tcp",
                "security_groups": [],
                "self": false,
                "to_port": 9443
              }
            ],
            "name": "public-sg",
            "name_prefix": "",
            "owner_id": "520097146698",
            "revoke_rules_on_delete": false,
            "tags": {
              "Name": "public-sg",
              "Owner": "Neeraj"
            },
            "tags_all": {
              "Name": "public-sg",
              "Owner": "Neeraj"
            },
            "timeouts": null,
            "vpc_id": "vpc-03029d7c8297d3351"
          },
          "sensitive_attributes": [],
          "private": "eyJlMmJmYjczMC1lY2FhLTExZTYtOGY4OC0zNDM2M2JjN2M0YzAiOnsiY3JlYXRlIjo2MDAwMDAwMDAwMDAsImRlbGV0ZSI6OTAwMDAwMDAwMDAwfSwic2NoZW1hX3ZlcnNpb24iOiIxIn0=",
          "dependencies": [
            "module.vpc.aws_vpc.my_vpc"
          ]
        }
      ]
    },
    {
      "module": "module.public_rtb",
      "mode": "managed",
      "type": "aws_route_table",
      "name": "public_routeTable",
      "provider": "provider[\"registry.terraform.io/hashicorp/aws\"]",
      "instances": [
        {
          "schema_version": 0,
          "attributes": {
            "arn": "arn:aws:ec2:us-east-1:520097146698:route-table/rtb-097bd634761f1745e",
            "id": "rtb-097bd634761f1745e",
            "owner_id": "520097146698",
            "propagating_vgws": [],
            "route": [
              {
                "carrier_gateway_id": "",
                "cidr_block": "0.0.0.0/0",
                "core_network_arn": "",
                "destination_prefix_list_id": "",
                "egress_only_gateway_id": "",
                "gateway_id": "igw-04af59654238425f3",
                "instance_id": "",
                "ipv6_cidr_block": "",
                "local_gateway_id": "",
                "nat_gateway_id": "",
                "network_interface_id": "",
                "transit_gateway_id": "",
                "vpc_endpoint_id": "",
                "vpc_peering_connection_id": ""
              }
            ],
            "tags": {
              "Name": "pub_rtb",
              "Owner": "Neeraj"
            },
            "tags_all": {
              "Name": "pub_rtb",
              "Owner": "Neeraj"
            },
            "timeouts": null,
            "vpc_id": "vpc-03029d7c8297d3351"
          },
          "sensitive_attributes": [],
          "private": "eyJlMmJmYjczMC1lY2FhLTExZTYtOGY4OC0zNDM2M2JjN2M0YzAiOnsiY3JlYXRlIjozMDAwMDAwMDAwMDAsImRlbGV0ZSI6MzAwMDAwMDAwMDAwLCJ1cGRhdGUiOjEyMDAwMDAwMDAwMH19",
          "dependencies": [
            "module.igw.aws_internet_gateway.igw",
            "module.vpc.aws_vpc.my_vpc"
          ]
        }
      ]
    },
    {
      "module": "module.public_subnet",
      "mode": "managed",
      "type": "aws_route_table_association",
      "name": "a",
      "provider": "provider[\"registry.terraform.io/hashicorp/aws\"]",
      "instances": [
        {
          "schema_version": 0,
          "attributes": {
            "gateway_id": "",
            "id": "rtbassoc-0dfac24af33e5a655",
            "route_table_id": "rtb-097bd634761f1745e",
            "subnet_id": "subnet-079aa708dbbda1dfd"
          },
          "sensitive_attributes": [],
          "private": "bnVsbA==",
          "dependencies": [
            "module.igw.aws_internet_gateway.igw",
            "module.public_rtb.aws_route_table.public_routeTable",
            "module.public_subnet.aws_subnet.public_subnet",
            "module.vpc.aws_vpc.my_vpc"
          ]
        }
      ]
    },
    {
      "module": "module.public_subnet",
      "mode": "managed",
      "type": "aws_subnet",
      "name": "public_subnet",
      "provider": "provider[\"registry.terraform.io/hashicorp/aws\"]",
      "instances": [
        {
          "schema_version": 1,
          "attributes": {
            "arn": "arn:aws:ec2:us-east-1:520097146698:subnet/subnet-079aa708dbbda1dfd",
            "assign_ipv6_address_on_creation": false,
            "availability_zone": "us-east-1a",
            "availability_zone_id": "use1-az2",
            "cidr_block": "10.0.0.0/24",
            "customer_owned_ipv4_pool": "",
            "enable_dns64": false,
            "enable_resource_name_dns_a_record_on_launch": false,
            "enable_resource_name_dns_aaaa_record_on_launch": false,
            "id": "subnet-079aa708dbbda1dfd",
            "ipv6_cidr_block": "",
            "ipv6_cidr_block_association_id": "",
            "ipv6_native": false,
            "map_customer_owned_ip_on_launch": false,
            "map_public_ip_on_launch": true,
            "outpost_arn": "",
            "owner_id": "520097146698",
            "private_dns_hostname_type_on_launch": "ip-name",
            "tags": {
              "Name": "pb_subnet",
              "Owner": "Neeraj"
            },
            "tags_all": {
              "Name": "pb_subnet",
              "Owner": "Neeraj"
            },
            "timeouts": null,
            "vpc_id": "vpc-03029d7c8297d3351"
          },
          "sensitive_attributes": [],
          "private": "eyJlMmJmYjczMC1lY2FhLTExZTYtOGY4OC0zNDM2M2JjN2M0YzAiOnsiY3JlYXRlIjo2MDAwMDAwMDAwMDAsImRlbGV0ZSI6MTIwMDAwMDAwMDAwMH0sInNjaGVtYV92ZXJzaW9uIjoiMSJ9",
          "dependencies": [
            "module.vpc.aws_vpc.my_vpc"
          ]
        }
      ]
    },
    {
      "module": "module.pvt_rtb",
      "mode": "managed",
      "type": "aws_route_table",
      "name": "private_routeTable",
      "provider": "provider[\"registry.terraform.io/hashicorp/aws\"]",
      "instances": [
        {
          "schema_version": 0,
          "attributes": {
            "arn": "arn:aws:ec2:us-east-1:520097146698:route-table/rtb-0c1212be1680e346a",
            "id": "rtb-0c1212be1680e346a",
            "owner_id": "520097146698",
            "propagating_vgws": [],
            "route": [
              {
                "carrier_gateway_id": "",
                "cidr_block": "0.0.0.0/0",
                "core_network_arn": "",
                "destination_prefix_list_id": "",
                "egress_only_gateway_id": "",
                "gateway_id": "igw-04af59654238425f3",
                "instance_id": "",
                "ipv6_cidr_block": "",
                "local_gateway_id": "",
                "nat_gateway_id": "",
                "network_interface_id": "",
                "transit_gateway_id": "",
                "vpc_endpoint_id": "",
                "vpc_peering_connection_id": ""
              }
            ],
            "tags": {
              "Name": "pvt_rtb",
              "Owner": "Neeraj"
            },
            "tags_all": {
              "Name": "pvt_rtb",
              "Owner": "Neeraj"
            },
            "timeouts": null,
            "vpc_id": "vpc-03029d7c8297d3351"
          },
          "sensitive_attributes": [],
          "private": "eyJlMmJmYjczMC1lY2FhLTExZTYtOGY4OC0zNDM2M2JjN2M0YzAiOnsiY3JlYXRlIjozMDAwMDAwMDAwMDAsImRlbGV0ZSI6MzAwMDAwMDAwMDAwLCJ1cGRhdGUiOjEyMDAwMDAwMDAwMH19",
          "dependencies": [
            "module.igw.aws_internet_gateway.igw",
            "module.vpc.aws_vpc.my_vpc"
          ]
        }
      ]
    },
    {
      "module": "module.pvt_sg",
      "mode": "managed",
      "type": "aws_security_group",
      "name": "private_security_group",
      "provider": "provider[\"registry.terraform.io/hashicorp/aws\"]",
      "instances": [
        {
          "schema_version": 1,
          "attributes": {
            "arn": "arn:aws:ec2:us-east-1:520097146698:security-group/sg-00cb63418e0cfe934",
            "description": "security group",
            "egress": [
              {
                "cidr_blocks": [
                  "0.0.0.0/0"
                ],
                "description": "",
                "from_port": 0,
                "ipv6_cidr_blocks": [
                  "::/0"
                ],
                "prefix_list_ids": [],
                "protocol": "-1",
                "security_groups": [],
                "self": false,
                "to_port": 0
              }
            ],
            "id": "sg-00cb63418e0cfe934",
            "ingress": [
              {
                "cidr_blocks": [
                  "10.0.0.0/16"
                ],
                "description": "Traffic from VPC",
                "from_port": 22,
                "ipv6_cidr_blocks": [],
                "prefix_list_ids": [],
                "protocol": "tcp",
                "security_groups": [],
                "self": false,
                "to_port": 22
              },
              {
                "cidr_blocks": [
                  "10.0.0.0/16"
                ],
                "description": "Traffic from VPC",
                "from_port": 8443,
                "ipv6_cidr_blocks": [],
                "prefix_list_ids": [],
                "protocol": "tcp",
                "security_groups": [],
                "self": false,
                "to_port": 8443
              },
              {
                "cidr_blocks": [
                  "10.0.0.0/16"
                ],
                "description": "port for rd-crossCluster-search ",
                "from_port": 7000,
                "ipv6_cidr_blocks": [],
                "prefix_list_ids": [],
                "protocol": "tcp",
                "security_groups": [],
                "self": false,
                "to_port": 7000
              },
              {
                "cidr_blocks": [
                  "10.0.0.0/16"
                ],
                "description": "port for rd-database ",
                "from_port": 10000,
                "ipv6_cidr_blocks": [],
                "prefix_list_ids": [],
                "protocol": "tcp",
                "security_groups": [],
                "self": false,
                "to_port": 10000
              },
              {
                "cidr_blocks": [
                  "10.0.0.0/16"
                ],
                "description": "port for rd-nodeCommunication ",
                "from_port": 3333,
                "ipv6_cidr_blocks": [],
                "prefix_list_ids": [],
                "protocol": "tcp",
                "security_groups": [],
                "self": false,
                "to_port": 3333
              },
              {
                "cidr_blocks": [
                  "10.0.0.0/16"
                ],
                "description": "port for rd-rest-api ",
                "from_port": 9443,
                "ipv6_cidr_blocks": [],
                "prefix_list_ids": [],
                "protocol": "tcp",
                "security_groups": [],
                "self": false,
                "to_port": 9443
              }
            ],
            "name": "pvt-sg",
            "name_prefix": "",
            "owner_id": "520097146698",
            "revoke_rules_on_delete": false,
            "tags": {
              "Name": "private-sg",
              "Owner": "Neeraj"
            },
            "tags_all": {
              "Name": "private-sg",
              "Owner": "Neeraj"
            },
            "timeouts": null,
            "vpc_id": "vpc-03029d7c8297d3351"
          },
          "sensitive_attributes": [],
          "private": "eyJlMmJmYjczMC1lY2FhLTExZTYtOGY4OC0zNDM2M2JjN2M0YzAiOnsiY3JlYXRlIjo2MDAwMDAwMDAwMDAsImRlbGV0ZSI6OTAwMDAwMDAwMDAwfSwic2NoZW1hX3ZlcnNpb24iOiIxIn0=",
          "dependencies": [
            "module.vpc.aws_vpc.my_vpc"
          ]
        }
      ]
    },
    {
      "module": "module.pvt_subnet1",
      "mode": "managed",
      "type": "aws_route_table_association",
      "name": "b",
      "provider": "provider[\"registry.terraform.io/hashicorp/aws\"]",
      "instances": [
        {
          "schema_version": 0,
          "attributes": {
            "gateway_id": "",
            "id": "rtbassoc-0219f3099c2a1a39e",
            "route_table_id": "rtb-0c1212be1680e346a",
            "subnet_id": "subnet-0c83b99bc9d628af7"
          },
          "sensitive_attributes": [],
          "private": "bnVsbA==",
          "dependencies": [
            "module.igw.aws_internet_gateway.igw",
            "module.pvt_rtb.aws_route_table.private_routeTable",
            "module.pvt_subnet1.aws_subnet.private_subnet",
            "module.vpc.aws_vpc.my_vpc"
          ]
        }
      ]
    },
    {
      "module": "module.pvt_subnet1",
      "mode": "managed",
      "type": "aws_subnet",
      "name": "private_subnet",
      "provider": "provider[\"registry.terraform.io/hashicorp/aws\"]",
      "instances": [
        {
          "schema_version": 1,
          "attributes": {
            "arn": "arn:aws:ec2:us-east-1:520097146698:subnet/subnet-0c83b99bc9d628af7",
            "assign_ipv6_address_on_creation": false,
            "availability_zone": "us-east-1b",
            "availability_zone_id": "use1-az4",
            "cidr_block": "10.0.48.0/24",
            "customer_owned_ipv4_pool": "",
            "enable_dns64": false,
            "enable_resource_name_dns_a_record_on_launch": false,
            "enable_resource_name_dns_aaaa_record_on_launch": false,
            "id": "subnet-0c83b99bc9d628af7",
            "ipv6_cidr_block": "",
            "ipv6_cidr_block_association_id": "",
            "ipv6_native": false,
            "map_customer_owned_ip_on_launch": false,
            "map_public_ip_on_launch": false,
            "outpost_arn": "",
            "owner_id": "520097146698",
            "private_dns_hostname_type_on_launch": "ip-name",
            "tags": {
              "Name": "pvt_subnet1",
              "Owner": "Neeraj"
            },
            "tags_all": {
              "Name": "pvt_subnet1",
              "Owner": "Neeraj"
            },
            "timeouts": null,
            "vpc_id": "vpc-03029d7c8297d3351"
          },
          "sensitive_attributes": [],
          "private": "eyJlMmJmYjczMC1lY2FhLTExZTYtOGY4OC0zNDM2M2JjN2M0YzAiOnsiY3JlYXRlIjo2MDAwMDAwMDAwMDAsImRlbGV0ZSI6MTIwMDAwMDAwMDAwMH0sInNjaGVtYV92ZXJzaW9uIjoiMSJ9",
          "dependencies": [
            "module.vpc.aws_vpc.my_vpc"
          ]
        }
      ]
    },
    {
      "module": "module.pvt_subnet2",
      "mode": "managed",
      "type": "aws_route_table_association",
      "name": "b",
      "provider": "provider[\"registry.terraform.io/hashicorp/aws\"]",
      "instances": [
        {
          "schema_version": 0,
          "attributes": {
            "gateway_id": "",
            "id": "rtbassoc-0f53216f04c790b8b",
            "route_table_id": "rtb-0c1212be1680e346a",
            "subnet_id": "subnet-09ca9e12dc89fd4f7"
          },
          "sensitive_attributes": [],
          "private": "bnVsbA==",
          "dependencies": [
            "module.igw.aws_internet_gateway.igw",
            "module.pvt_rtb.aws_route_table.private_routeTable",
            "module.pvt_subnet2.aws_subnet.private_subnet",
            "module.vpc.aws_vpc.my_vpc"
          ]
        }
      ]
    },
    {
      "module": "module.pvt_subnet2",
      "mode": "managed",
      "type": "aws_subnet",
      "name": "private_subnet",
      "provider": "provider[\"registry.terraform.io/hashicorp/aws\"]",
      "instances": [
        {
          "schema_version": 1,
          "attributes": {
            "arn": "arn:aws:ec2:us-east-1:520097146698:subnet/subnet-09ca9e12dc89fd4f7",
            "assign_ipv6_address_on_creation": false,
            "availability_zone": "us-east-1c",
            "availability_zone_id": "use1-az6",
            "cidr_block": "10.0.128.0/24",
            "customer_owned_ipv4_pool": "",
            "enable_dns64": false,
            "enable_resource_name_dns_a_record_on_launch": false,
            "enable_resource_name_dns_aaaa_record_on_launch": false,
            "id": "subnet-09ca9e12dc89fd4f7",
            "ipv6_cidr_block": "",
            "ipv6_cidr_block_association_id": "",
            "ipv6_native": false,
            "map_customer_owned_ip_on_launch": false,
            "map_public_ip_on_launch": false,
            "outpost_arn": "",
            "owner_id": "520097146698",
            "private_dns_hostname_type_on_launch": "ip-name",
            "tags": {
              "Name": "pvt_subnet2",
              "Owner": "Neeraj"
            },
            "tags_all": {
              "Name": "pvt_subnet2",
              "Owner": "Neeraj"
            },
            "timeouts": null,
            "vpc_id": "vpc-03029d7c8297d3351"
          },
          "sensitive_attributes": [],
          "private": "eyJlMmJmYjczMC1lY2FhLTExZTYtOGY4OC0zNDM2M2JjN2M0YzAiOnsiY3JlYXRlIjo2MDAwMDAwMDAwMDAsImRlbGV0ZSI6MTIwMDAwMDAwMDAwMH0sInNjaGVtYV92ZXJzaW9uIjoiMSJ9",
          "dependencies": [
            "module.vpc.aws_vpc.my_vpc"
          ]
        }
      ]
    },
    {
      "module": "module.vpc",
      "mode": "managed",
      "type": "aws_vpc",
      "name": "my_vpc",
      "provider": "provider[\"registry.terraform.io/hashicorp/aws\"]",
      "instances": [
        {
          "schema_version": 1,
          "attributes": {
            "arn": "arn:aws:ec2:us-east-1:520097146698:vpc/vpc-03029d7c8297d3351",
            "assign_generated_ipv6_cidr_block": false,
            "cidr_block": "10.0.0.0/16",
            "default_network_acl_id": "acl-0e0ff2c929534e23f",
            "default_route_table_id": "rtb-0349817e4997a5ba7",
            "default_security_group_id": "sg-0efc8f0863e76b341",
            "dhcp_options_id": "dopt-00b01f0719f2b640f",
            "enable_classiclink": false,
            "enable_classiclink_dns_support": false,
            "enable_dns_hostnames": false,
            "enable_dns_support": true,
            "enable_network_address_usage_metrics": false,
            "id": "vpc-03029d7c8297d3351",
            "instance_tenancy": "default",
            "ipv4_ipam_pool_id": null,
            "ipv4_netmask_length": null,
            "ipv6_association_id": "",
            "ipv6_cidr_block": "",
            "ipv6_cidr_block_network_border_group": "",
            "ipv6_ipam_pool_id": "",
            "ipv6_netmask_length": 0,
            "main_route_table_id": "rtb-0349817e4997a5ba7",
            "owner_id": "520097146698",
            "tags": {
              "Name": "my-vpc",
              "Owner": "Neeraj"
            },
            "tags_all": {
              "Name": "my-vpc",
              "Owner": "Neeraj"
            }
          },
          "sensitive_attributes": [],
          "private": "eyJzY2hlbWFfdmVyc2lvbiI6IjEifQ=="
        }
      ]
    }
  ],
  "check_results": null
}
